
Microsoft Visual Studio Solution File, Format Version 12.00
# Visual Studio Version 17
VisualStudioVersion = 17.12.35514.174
MinimumVisualStudioVersion = 10.0.40219.1
Project("{9A19103F-16F7-4668-BE54-9A1E7A4F7556}") = "Weather", "Weather\Weather.csproj", "{07CD65EF-6238-4365-AF5D-F6D433967F48}"
EndProject
Project("{FAE04EC0-301F-11D3-BF4B-00C04F79EFBC}") = "Weathertests", "Weathertests\Weathertests.csproj", "{9F535BE1-07FF-4D31-A2EC-702DF7550BDE}"
EndProject
Project("{FAE04EC0-301F-11D3-BF4B-00C04F79EFBC}") = "FuzzTests", "FuzzTests\FuzzTests.csproj", "{DA789D32-CC5A-4D34-9E1D-60F8106C7289}"
EndProject
Global
	GlobalSection(SolutionConfigurationPlatforms) = preSolution
		Debug|Any CPU = Debug|Any CPU
		Release|Any CPU = Release|Any CPU
	EndGlobalSection
	GlobalSection(ProjectConfigurationPlatforms) = postSolution
		{07CD65EF-6238-4365-AF5D-F6D433967F48}.Debug|Any CPU.ActiveCfg = Debug|Any CPU
		{07CD65EF-6238-4365-AF5D-F6D433967F48}.Debug|Any CPU.Build.0 = Debug|Any CPU
		{07CD65EF-6238-4365-AF5D-F6D433967F48}.Debug|Any CPU.Deploy.0 = Debug|Any CPU
		{07CD65EF-6238-4365-AF5D-F6D433967F48}.Release|Any CPU.ActiveCfg = Release|Any CPU
		{07CD65EF-6238-4365-AF5D-F6D433967F48}.Release|Any CPU.Build.0 = Release|Any CPU
		{07CD65EF-6238-4365-AF5D-F6D433967F48}.Release|Any CPU.Deploy.0 = Release|Any CPU
		{9F535BE1-07FF-4D31-A2EC-702DF7550BDE}.Debug|Any CPU.ActiveCfg = Debug|Any CPU
		{9F535BE1-07FF-4D31-A2EC-702DF7550BDE}.Debug|Any CPU.Build.0 = Debug|Any CPU
		{9F535BE1-07FF-4D31-A2EC-702DF7550BDE}.Release|Any CPU.ActiveCfg = Release|Any CPU
		{9F535BE1-07FF-4D31-A2EC-702DF7550BDE}.Release|Any CPU.Build.0 = Release|Any CPU
		{DA789D32-CC5A-4D34-9E1D-60F8106C7289}.Debug|Any CPU.ActiveCfg = Debug|Any CPU
		{DA789D32-CC5A-4D34-9E1D-60F8106C7289}.Debug|Any CPU.Build.0 = Debug|Any CPU
		{DA789D32-CC5A-4D34-9E1D-60F8106C7289}.Release|Any CPU.ActiveCfg = Release|Any CPU
		{DA789D32-CC5A-4D34-9E1D-60F8106C7289}.Release|Any CPU.Build.0 = Release|Any CPU
	EndGlobalSection
	GlobalSection(SolutionProperties) = preSolution
		HideSolutionNode = FALSE
	EndGlobalSection
	GlobalSection(ExtensibilityGlobals) = postSolution
		SolutionGuid = {61F7FB11-1E47-470C-91E2-47F8143E1572}
	EndGlobalSection
EndGlobal
